
Microsoft Visual Studio Solution File, Format Version 12.00
# Visual Studio Version 17
VisualStudioVersion = 17.9.34728.123
MinimumVisualStudioVersion = 10.0.40219.1
Project("{FAE04EC0-301F-11D3-BF4B-00C04F79EFBC}") = "C-Sharp-Turorial", "C-Sharp-Turorial.csproj", "{BC5FBCF0-0BE5-45CF-BE56-2259B78DFA40}"
EndProject
Global
	GlobalSection(SolutionConfigurationPlatforms) = preSolution
		Debug|Any CPU = Debug|Any CPU
		Release|Any CPU = Release|Any CPU
	EndGlobalSection
	GlobalSection(ProjectConfigurationPlatforms) = postSolution
		{BC5FBCF0-0BE5-45CF-BE56-2259B78DFA40}.Debug|Any CPU.ActiveCfg = Debug|Any CPU
		{BC5FBCF0-0BE5-45CF-BE56-2259B78DFA40}.Debug|Any CPU.Build.0 = Debug|Any CPU
		{BC5FBCF0-0BE5-45CF-BE56-2259B78DFA40}.Release|Any CPU.ActiveCfg = Release|Any CPU
		{BC5FBCF0-0BE5-45CF-BE56-2259B78DFA40}.Release|Any CPU.Build.0 = Release|Any CPU
	EndGlobalSection
	GlobalSection(SolutionProperties) = preSolution
		HideSolutionNode = FALSE
	EndGlobalSection
	GlobalSection(ExtensibilityGlobals) = postSolution
		SolutionGuid = {1D0D53C0-60D3-4571-B1E6-F8E345895368}
	EndGlobalSection
EndGlobal
